// !$*UTF8*$!
{
	archiveVersion = 1;
	classes = {
	};
	objectVersion = 77;
	objects = {

/* Begin PBXBuildFile section */
		4C740D3030475A2A00B12474 /* Auth in Frameworks */ = {isa = PBXBuildFile; productRef = 4C740D2F30475A2A00B12474 /* Auth */; };
		4C740D3230475A2A00B12474 /* Functions in Frameworks */ = {isa = PBXBuildFile; productRef = 4C740D3130475A2A00B12474 /* Functions */; };
		4C740D3430475A2A00B12474 /* PostgREST in Frameworks */ = {isa = PBXBuildFile; productRef = 4C740D3330475A2A00B12474 /* PostgREST */; };
		4C740D3630475A2A00B12474 /* Realtime in Frameworks */ = {isa = PBXBuildFile; productRef = 4C740D3530475A2A00B12474 /* Realtime */; };
		4C740D3830475A2A00B12474 /* Storage in Frameworks */ = {isa = PBXBuildFile; productRef = 4C740D3730475A2A00B12474 /* Storage */; };
		4C740D3A30475A2A00B12474 /* Supabase in Frameworks */ = {isa = PBXBuildFile; productRef = 4C740D3930475A2A00B12474 /* Supabase */; };
/* End PBXBuildFile section */

/* Begin PBXFileReference section */
		B9217E2F9FF27B0648A2D644 /* NASRally.app */ = {isa = PBXFileReference; explicitFileType = wrapper.application; includeInIndex = 0; path = NASRally.app; sourceTree = BUILT_PRODUCTS_DIR; };
/* End PBXFileReference section */

/* Begin PBXFileSystemSynchronizedBuildFileExceptionSet section */
		EBE35BDBDFFDEBC6C6092BEB /* Exceptions for "iosApp" folder in "iosApp" target */ = {
			isa = PBXFileSystemSynchronizedBuildFileExceptionSet;
			membershipExceptions = (
				Info.plist,
			);
			target = 1AEC7821911DC9AB70824446 /* iosApp */;
		};
/* End PBXFileSystemSynchronizedBuildFileExceptionSet section */

/* Begin PBXFileSystemSynchronizedRootGroup section */
		24019CB94537AF002F0C9CAE /* Configuration */ = {
			isa = PBXFileSystemSynchronizedRootGroup;
			path = Configuration;
			sourceTree = "<group>";
		};
		57F1AA0078559F3112B13B93 /* iosApp */ = {
			isa = PBXFileSystemSynchronizedRootGroup;
			exceptions = (
				EBE35BDBDFFDEBC6C6092BEB /* Exceptions for "iosApp" folder in "iosApp" target */,
			);
			path = iosApp;
			sourceTree = "<group>";
		};
/* End PBXFileSystemSynchronizedRootGroup section */

/* Begin PBXFrameworksBuildPhase section */
		B970F65F9E7AA44FD7EF79DB /* Frameworks */ = {
			isa = PBXFrameworksBuildPhase;
			buildActionMask = 2147483647;
			files = (
				4C740D3830475A2A00B12474 /* Storage in Frameworks */,
				4C740D3230475A2A00B12474 /* Functions in Frameworks */,
				4C740D3430475A2A00B12474 /* PostgREST in Frameworks */,
				4C740D3030475A2A00B12474 /* Auth in Frameworks */,
				4C740D3630475A2A00B12474 /* Realtime in Frameworks */,
				4C740D3A30475A2A00B12474 /* Supabase in Frameworks */,
			);
			runOnlyForDeploymentPostprocessing = 0;
		};
/* End PBXFrameworksBuildPhase section */

/* Begin PBXGroup section */
		2D5B89C03569591B0F71057E = {
			isa = PBXGroup;
			children = (
				24019CB94537AF002F0C9CAE /* Configuration */,
				57F1AA0078559F3112B13B93 /* iosApp */,
				BE57F588FE09554F1A01FDA4 /* Products */,
			);
			sourceTree = "<group>";
		};
		BE57F588FE09554F1A01FDA4 /* Products */ = {
			isa = PBXGroup;
			children = (
				B9217E2F9FF27B0648A2D644 /* NASRally.app */,
			);
			name = Products;
			sourceTree = "<group>";
		};
/* End PBXGroup section */

/* Begin PBXNativeTarget section */
		1AEC7821911DC9AB70824446 /* iosApp */ = {
			isa = PBXNativeTarget;
			buildConfigurationList = A9E933652148637FEA5725B5 /* Build configuration list for PBXNativeTarget "iosApp" */;
			buildPhases = (
				7031ED6813E84E3B70D41DE0 /* Compile Kotlin Framework */,
				A4B8D68F12A093784D8D64E7 /* Sources */,
				B970F65F9E7AA44FD7EF79DB /* Frameworks */,
				A446C5BA65BBEE3E1A87F1DF /* Resources */,
			);
			buildRules = (
			);
			dependencies = (
			);
			fileSystemSynchronizedGroups = (
				57F1AA0078559F3112B13B93 /* iosApp */,
			);
			name = iosApp;
			packageProductDependencies = (
				4C740D2F30475A2A00B12474 /* Auth */,
				4C740D3130475A2A00B12474 /* Functions */,
				4C740D3330475A2A00B12474 /* PostgREST */,
				4C740D3530475A2A00B12474 /* Realtime */,
				4C740D3730475A2A00B12474 /* Storage */,
				4C740D3930475A2A00B12474 /* Supabase */,
			);
			productName = iosApp;
			productReference = B9217E2F9FF27B0648A2D644 /* NASRally.app */;
			productType = "com.apple.product-type.application";
		};
/* End PBXNativeTarget section */

/* Begin PBXProject section */
		EBAD24A4B9D8CCB98BD4D236 /* Project object */ = {
			isa = PBXProject;
			attributes = {
				BuildIndependentTargetsInParallel = 1;
				LastSwiftUpdateCheck = 1620;
				LastUpgradeCheck = 1620;
				TargetAttributes = {
					1AEC7821911DC9AB70824446 = {
						CreatedOnToolsVersion = 16.2;
					};
				};
			};
			buildConfigurationList = FB5B43D310DBBB983D2206C2 /* Build configuration list for PBXProject "iosApp" */;
			developmentRegion = en;
			hasScannedForEncodings = 0;
			knownRegions = (
				en,
				Base,
			);
			mainGroup = 2D5B89C03569591B0F71057E;
			minimizedProjectReferenceProxies = 1;
			packageReferences = (
				4C740D2E30475A2A00B12474 /* XCRemoteSwiftPackageReference "supabase-swift" */,
			);
			preferredProjectObjectVersion = 77;
			productRefGroup = BE57F588FE09554F1A01FDA4 /* Products */;
			projectDirPath = "";
			projectRoot = "";
			targets = (
				1AEC7821911DC9AB70824446 /* iosApp */,
			);
		};
/* End PBXProject section */

/* Begin PBXResourcesBuildPhase section */
		A446C5BA65BBEE3E1A87F1DF /* Resources */ = {
			isa = PBXResourcesBuildPhase;
			buildActionMask = 2147483647;
			files = (
			);
			runOnlyForDeploymentPostprocessing = 0;
		};
/* End PBXResourcesBuildPhase section */

/* Begin PBXShellScriptBuildPhase section */
		7031ED6813E84E3B70D41DE0 /* Compile Kotlin Framework */ = {
			isa = PBXShellScriptBuildPhase;
			alwaysOutOfDate = 1;
			buildActionMask = 2147483647;
			files = (
			);
			inputFileListPaths = (
			);
			inputPaths = (
			);
			name = "Compile Kotlin Framework";
			outputFileListPaths = (
			);
			outputPaths = (
			);
			runOnlyForDeploymentPostprocessing = 0;
			shellPath = /bin/sh;
			shellScript = "unset ANDROID_PREFS_ROOT\nunset ANDROID_SDK_HOME\nif [ -z \"$JAVA_HOME\" ] && [ -d \"/Applications/Android Studio.app/Contents/jbr/Contents/Home\" ]; then\n  export JAVA_HOME=\"/Applications/Android Studio.app/Contents/jbr/Contents/Home\"\nfi\nif [ -n \"$JAVA_HOME\" ]; then\n  export PATH=\"$JAVA_HOME/bin:$PATH\"\nfi\nif [ -z \"$ANDROID_HOME\" ] && [ -d \"$HOME/Library/Android/sdk\" ]; then\n  export ANDROID_HOME=\"$HOME/Library/Android/sdk\"\n  export ANDROID_SDK_ROOT=\"$HOME/Library/Android/sdk\"\nfi\nif [ \"YES\" = \"$OVERRIDE_KOTLIN_BUILD_IDE_SUPPORTED\" ]; then\n  echo \"Skipping Gradle build task invocation due to OVERRIDE_KOTLIN_BUILD_IDE_SUPPORTED environment variable set to \\\"YES\\\"\"\n  exit 0\nfi\ncd \"$SRCROOT/..\"\n./gradlew :shared:embedAndSignAppleFrameworkForXcode\n";
		};
/* End PBXShellScriptBuildPhase section */

/* Begin PBXSourcesBuildPhase section */
		A4B8D68F12A093784D8D64E7 /* Sources */ = {
			isa = PBXSourcesBuildPhase;
			buildActionMask = 2147483647;
			files = (
			);
			runOnlyForDeploymentPostprocessing = 0;
		};
/* End PBXSourcesBuildPhase section */

/* Begin XCBuildConfiguration section */
		924258A959B1F5DEBA9C5DD8 /* Release */ = {
			isa = XCBuildConfiguration;
			buildSettings = {
				ARCHS = arm64;
				ASSETCATALOG_COMPILER_APPICON_NAME = AppIcon;
				ASSETCATALOG_COMPILER_GLOBAL_ACCENT_COLOR_NAME = AccentColor;
				CODE_SIGN_IDENTITY = "Apple Development";
				CODE_SIGN_STYLE = Automatic;
				DEVELOPMENT_ASSET_PATHS = "\"iosApp/Preview Content\"";
				DEVELOPMENT_TEAM = K8LZ9X4DR7;
				ENABLE_PREVIEWS = YES;
				GENERATE_INFOPLIST_FILE = YES;
				INFOPLIST_FILE = iosApp/Info.plist;
				INFOPLIST_KEY_CFBundleDisplayName = "NAS Rally";
				INFOPLIST_KEY_LSApplicationCategoryType = "public.app-category.social-networking";
				INFOPLIST_KEY_NSCalendarsWriteOnlyAccessUsageDescription = "Add Rally Events to your Default Calendar";
				INFOPLIST_KEY_NSCameraUsageDescription = "Take and Send Pictures";
				INFOPLIST_KEY_UIApplicationSceneManifest_Generation = YES;
				INFOPLIST_KEY_UIApplicationSupportsIndirectInputEvents = YES;
				INFOPLIST_KEY_UILaunchScreen_Generation = YES;
				INFOPLIST_KEY_UISupportedInterfaceOrientations = UIInterfaceOrientationPortrait;
				INFOPLIST_KEY_UISupportedInterfaceOrientations_iPad = "UIInterfaceOrientationPortrait UIInterfaceOrientationPortraitUpsideDown";
				LD_RUNPATH_SEARCH_PATHS = (
					"$(inherited)",
					"@executable_path/Frameworks",
				);
				SWIFT_EMIT_LOC_STRINGS = YES;
				SWIFT_VERSION = 5.0;
				TARGETED_DEVICE_FAMILY = "1,2";
			};
			name = Release;
		};
		B6B6327D32618C5B75A580BA /* Debug */ = {
			isa = XCBuildConfiguration;
			baseConfigurationReferenceAnchor = 24019CB94537AF002F0C9CAE /* Configuration */;
			baseConfigurationReferenceRelativePath = Config.xcconfig;
			buildSettings = {
				ALWAYS_SEARCH_USER_PATHS = NO;
				ASSETCATALOG_COMPILER_GENERATE_SWIFT_ASSET_SYMBOL_EXTENSIONS = YES;
				CLANG_ANALYZER_NONNULL = YES;
				CLANG_ANALYZER_NUMBER_OBJECT_CONVERSION = YES_AGGRESSIVE;
				CLANG_CXX_LANGUAGE_STANDARD = "gnu++20";
				CLANG_ENABLE_MODULES = YES;
				CLANG_ENABLE_OBJC_ARC = YES;
				CLANG_ENABLE_OBJC_WEAK = YES;
				CLANG_WARN_BLOCK_CAPTURE_AUTORELEASING = YES;
				CLANG_WARN_BOOL_CONVERSION = YES;
				CLANG_WARN_COMMA = YES;
				CLANG_WARN_CONSTANT_CONVERSION = YES;
				CLANG_WARN_DEPRECATED_OBJC_IMPLEMENTATIONS = YES;
				CLANG_WARN_DIRECT_OBJC_ISA_USAGE = YES_ERROR;
				CLANG_WARN_DOCUMENTATION_COMMENTS = YES;
				CLANG_WARN_EMPTY_BODY = YES;
				CLANG_WARN_ENUM_CONVERSION = YES;
				CLANG_WARN_INFINITE_RECURSION = YES;
				CLANG_WARN_INT_CONVERSION = YES;
				CLANG_WARN_NON_LITERAL_NULL_CONVERSION = YES;
				CLANG_WARN_OBJC_IMPLICIT_RETAIN_SELF = YES;
				CLANG_WARN_OBJC_LITERAL_CONVERSION = YES;
				CLANG_WARN_OBJC_ROOT_CLASS = YES_ERROR;
				CLANG_WARN_QUOTED_INCLUDE_IN_FRAMEWORK_HEADER = YES;
				CLANG_WARN_RANGE_LOOP_ANALYSIS = YES;
				CLANG_WARN_STRICT_PROTOTYPES = YES;
				CLANG_WARN_SUSPICIOUS_MOVE = YES;
				CLANG_WARN_UNGUARDED_AVAILABILITY = YES_AGGRESSIVE;
				CLANG_WARN_UNREACHABLE_CODE = YES;
				CLANG_WARN__DUPLICATE_METHOD_MATCH = YES;
				COPY_PHASE_STRIP = NO;
				DEBUG_INFORMATION_FORMAT = dwarf;
				ENABLE_STRICT_OBJC_MSGSEND = YES;
				ENABLE_TESTABILITY = YES;
				ENABLE_USER_SCRIPT_SANDBOXING = NO;
				GCC_C_LANGUAGE_STANDARD = gnu17;
				GCC_DYNAMIC_NO_PIC = NO;
				GCC_NO_COMMON_BLOCKS = YES;
				GCC_OPTIMIZATION_LEVEL = 0;
				GCC_PREPROCESSOR_DEFINITIONS = (
					"DEBUG=1",
					"$(inherited)",
				);
				GCC_WARN_64_TO_32_BIT_CONVERSION = YES;
				GCC_WARN_ABOUT_RETURN_TYPE = YES_ERROR;
				GCC_WARN_UNDECLARED_SELECTOR = YES;
				GCC_WARN_UNINITIALIZED_AUTOS = YES_AGGRESSIVE;
				GCC_WARN_UNUSED_FUNCTION = YES;
				GCC_WARN_UNUSED_VARIABLE = YES;
				IPHONEOS_DEPLOYMENT_TARGET = 18.2;
				LOCALIZATION_PREFERS_STRING_CATALOGS = YES;
				MTL_ENABLE_DEBUG_INFO = INCLUDE_SOURCE;
				MTL_FAST_MATH = YES;
				ONLY_ACTIVE_ARCH = YES;
				SDKROOT = iphoneos;
				SWIFT_ACTIVE_COMPILATION_CONDITIONS = "DEBUG $(inherited)";
				SWIFT_OPTIMIZATION_LEVEL = "-Onone";
			};
			name = Debug;
		};
		BC8EA563628141769F8E91CA /* Release */ = {
			isa = XCBuildConfiguration;
			baseConfigurationReferenceAnchor = 24019CB94537AF002F0C9CAE /* Configuration */;
			baseConfigurationReferenceRelativePath = Config.xcconfig;
			buildSettings = {
				ALWAYS_SEARCH_USER_PATHS = NO;
				ASSETCATALOG_COMPILER_GENERATE_SWIFT_ASSET_SYMBOL_EXTENSIONS = YES;
				CLANG_ANALYZER_NONNULL = YES;
				CLANG_ANALYZER_NUMBER_OBJECT_CONVERSION = YES_AGGRESSIVE;
				CLANG_CXX_LANGUAGE_STANDARD = "gnu++20";
				CLANG_ENABLE_MODULES = YES;
				CLANG_ENABLE_OBJC_ARC = YES;
				CLANG_ENABLE_OBJC_WEAK = YES;
				CLANG_WARN_BLOCK_CAPTURE_AUTORELEASING = YES;
				CLANG_WARN_BOOL_CONVERSION = YES;
				CLANG_WARN_COMMA = YES;
				CLANG_WARN_CONSTANT_CONVERSION = YES;
				CLANG_WARN_DEPRECATED_OBJC_IMPLEMENTATIONS = YES;
				CLANG_WARN_DIRECT_OBJC_ISA_USAGE = YES_ERROR;
				CLANG_WARN_DOCUMENTATION_COMMENTS = YES;
				CLANG_WARN_EMPTY_BODY = YES;
				CLANG_WARN_ENUM_CONVERSION = YES;
				CLANG_WARN_INFINITE_RECURSION = YES;
				CLANG_WARN_INT_CONVERSION = YES;
				CLANG_WARN_NON_LITERAL_NULL_CONVERSION = YES;
				CLANG_WARN_OBJC_IMPLICIT_RETAIN_SELF = YES;
				CLANG_WARN_OBJC_LITERAL_CONVERSION = YES;
				CLANG_WARN_OBJC_ROOT_CLASS = YES_ERROR;
				CLANG_WARN_QUOTED_INCLUDE_IN_FRAMEWORK_HEADER = YES;
				CLANG_WARN_RANGE_LOOP_ANALYSIS = YES;
				CLANG_WARN_STRICT_PROTOTYPES = YES;
				CLANG_WARN_SUSPICIOUS_MOVE = YES;
				CLANG_WARN_UNGUARDED_AVAILABILITY = YES_AGGRESSIVE;
				CLANG_WARN_UNREACHABLE_CODE = YES;
				CLANG_WARN__DUPLICATE_METHOD_MATCH = YES;
				COPY_PHASE_STRIP = NO;
				DEBUG_INFORMATION_FORMAT = "dwarf-with-dsym";
				ENABLE_NS_ASSERTIONS = NO;
				ENABLE_STRICT_OBJC_MSGSEND = YES;
				ENABLE_USER_SCRIPT_SANDBOXING = NO;
				GCC_C_LANGUAGE_STANDARD = gnu17;
				GCC_NO_COMMON_BLOCKS = YES;
				GCC_WARN_64_TO_32_BIT_CONVERSION = YES;
				GCC_WARN_ABOUT_RETURN_TYPE = YES_ERROR;
				GCC_WARN_UNDECLARED_SELECTOR = YES;
				GCC_WARN_UNINITIALIZED_AUTOS = YES_AGGRESSIVE;
				GCC_WARN_UNUSED_FUNCTION = YES;
				GCC_WARN_UNUSED_VARIABLE = YES;
				IPHONEOS_DEPLOYMENT_TARGET = 18.2;
				LOCALIZATION_PREFERS_STRING_CATALOGS = YES;
				MTL_ENABLE_DEBUG_INFO = NO;
				MTL_FAST_MATH = YES;
				SDKROOT = iphoneos;
				SWIFT_COMPILATION_MODE = wholemodule;
				VALIDATE_PRODUCT = YES;
			};
			name = Release;
		};
		D7FCE1C7FD57BA88B4C49AC9 /* Debug */ = {
			isa = XCBuildConfiguration;
			buildSettings = {
				ARCHS = arm64;
				ASSETCATALOG_COMPILER_APPICON_NAME = AppIcon;
				ASSETCATALOG_COMPILER_GLOBAL_ACCENT_COLOR_NAME = AccentColor;
				CODE_SIGN_IDENTITY = "Apple Development";
				CODE_SIGN_STYLE = Automatic;
				DEVELOPMENT_ASSET_PATHS = "\"iosApp/Preview Content\"";
				DEVELOPMENT_TEAM = K8LZ9X4DR7;
				ENABLE_PREVIEWS = YES;
				FRAMEWORK_SEARCH_PATHS = (
					"$(inherited)",
					"$(BUILT_PRODUCTS_DIR)",
				);
				GENERATE_INFOPLIST_FILE = YES;
				INFOPLIST_FILE = iosApp/Info.plist;
				INFOPLIST_KEY_CFBundleDisplayName = "NAS Rally";
				INFOPLIST_KEY_LSApplicationCategoryType = "public.app-category.social-networking";
				INFOPLIST_KEY_NSCalendarsWriteOnlyAccessUsageDescription = "Add Rally Events to your Default Calendar";
				INFOPLIST_KEY_NSCameraUsageDescription = "Take and Send Pictures";
				INFOPLIST_KEY_UIApplicationSceneManifest_Generation = YES;
				INFOPLIST_KEY_UIApplicationSupportsIndirectInputEvents = YES;
				INFOPLIST_KEY_UILaunchScreen_Generation = YES;
				INFOPLIST_KEY_UISupportedInterfaceOrientations = UIInterfaceOrientationPortrait;
				INFOPLIST_KEY_UISupportedInterfaceOrientations_iPad = "UIInterfaceOrientationPortrait UIInterfaceOrientationPortraitUpsideDown";
				LD_RUNPATH_SEARCH_PATHS = (
					"$(inherited)",
					"@executable_path/Frameworks",
				);
				SWIFT_EMIT_LOC_STRINGS = YES;
				SWIFT_VERSION = 5.0;
				TARGETED_DEVICE_FAMILY = "1,2";
			};
			name = Debug;
		};
/* End XCBuildConfiguration section */

/* Begin XCConfigurationList section */
		A9E933652148637FEA5725B5 /* Build configuration list for PBXNativeTarget "iosApp" */ = {
			isa = XCConfigurationList;
			buildConfigurations = (
				D7FCE1C7FD57BA88B4C49AC9 /* Debug */,
				924258A959B1F5DEBA9C5DD8 /* Release */,
			);
			defaultConfigurationIsVisible = 0;
			defaultConfigurationName = Release;
		};
		FB5B43D310DBBB983D2206C2 /* Build configuration list for PBXProject "iosApp" */ = {
			isa = XCConfigurationList;
			buildConfigurations = (
				B6B6327D32618C5B75A580BA /* Debug */,
				BC8EA563628141769F8E91CA /* Release */,
			);
			defaultConfigurationIsVisible = 0;
			defaultConfigurationName = Release;
		};
/* End XCConfigurationList section */

/* Begin XCRemoteSwiftPackageReference section */
		4C740D2E30475A2A00B12474 /* XCRemoteSwiftPackageReference "supabase-swift" */ = {
			isa = XCRemoteSwiftPackageReference;
			repositoryURL = "https://github.com/supabase/supabase-swift.git";
			requirement = {
				kind = upToNextMajorVersion;
				minimumVersion = 2.5.1;
			};
			traits = (
			);
		};
/* End XCRemoteSwiftPackageReference section */

/* Begin XCSwiftPackageProductDependency section */
		4C740D2F30475A2A00B12474 /* Auth */ = {
			isa = XCSwiftPackageProductDependency;
			package = 4C740D2E30475A2A00B12474 /* XCRemoteSwiftPackageReference "supabase-swift" */;
			productName = Auth;
		};
		4C740D3130475A2A00B12474 /* Functions */ = {
			isa = XCSwiftPackageProductDependency;
			package = 4C740D2E30475A2A00B12474 /* XCRemoteSwiftPackageReference "supabase-swift" */;
			productName = Functions;
		};
		4C740D3330475A2A00B12474 /* PostgREST */ = {
			isa = XCSwiftPackageProductDependency;
			package = 4C740D2E30475A2A00B12474 /* XCRemoteSwiftPackageReference "supabase-swift" */;
			productName = PostgREST;
		};
		4C740D3530475A2A00B12474 /* Realtime */ = {
			isa = XCSwiftPackageProductDependency;
			package = 4C740D2E30475A2A00B12474 /* XCRemoteSwiftPackageReference "supabase-swift" */;
			productName = Realtime;
		};
		4C740D3730475A2A00B12474 /* Storage */ = {
			isa = XCSwiftPackageProductDependency;
			package = 4C740D2E30475A2A00B12474 /* XCRemoteSwiftPackageReference "supabase-swift" */;
			productName = Storage;
		};
		4C740D3930475A2A00B12474 /* Supabase */ = {
			isa = XCSwiftPackageProductDependency;
			package = 4C740D2E30475A2A00B12474 /* XCRemoteSwiftPackageReference "supabase-swift" */;
			productName = Supabase;
		};
/* End XCSwiftPackageProductDependency section */
	};
	rootObject = EBAD24A4B9D8CCB98BD4D236 /* Project object */;
}
